// !$*UTF8*$!
{
	archiveVersion = 1;
	classes = {
	};
	objectVersion = 56;
	objects = {

/* Begin PBXBuildFile section */
		D811E04629E9689500FA0CB9 /* weatherAppSwiftUIApp.swift in Sources */ = {isa = PBXBuildFile; fileRef = D811E04529E9689500FA0CB9 /* weatherAppSwiftUIApp.swift */; };
		D811E04829E9689500FA0CB9 /* ContentView.swift in Sources */ = {isa = PBXBuildFile; fileRef = D811E04729E9689500FA0CB9 /* ContentView.swift */; };
		D811E04A29E9689700FA0CB9 /* Assets.xcassets in Resources */ = {isa = PBXBuildFile; fileRef = D811E04929E9689700FA0CB9 /* Assets.xcassets */; };
		D811E04D29E9689700FA0CB9 /* Preview Assets.xcassets in Resources */ = {isa = PBXBuildFile; fileRef = D811E04C29E9689700FA0CB9 /* Preview Assets.xcassets */; };
		D811E05829E96BFD00FA0CB9 /* GPSView.swift in Sources */ = {isa = PBXBuildFile; fileRef = D811E05729E96BFD00FA0CB9 /* GPSView.swift */; };
		D811E08029F293C300FA0CB9 /* ApiService.swift in Sources */ = {isa = PBXBuildFile; fileRef = D811E07F29F293C300FA0CB9 /* ApiService.swift */; };
		D811E08629F2A7BF00FA0CB9 /* CityCoord.swift in Sources */ = {isa = PBXBuildFile; fileRef = D811E08529F2A7BF00FA0CB9 /* CityCoord.swift */; };
		D819CAD72A0E476E00860F8A /* LanguageDetailView.swift in Sources */ = {isa = PBXBuildFile; fileRef = D819CAD62A0E476E00860F8A /* LanguageDetailView.swift */; };
		D81FA8FE2A0519D900F6A910 /* LanguagesView.swift in Sources */ = {isa = PBXBuildFile; fileRef = D81FA8FD2A0519D900F6A910 /* LanguagesView.swift */; };
		D81FA9002A05221E00F6A910 /* languages.json in Resources */ = {isa = PBXBuildFile; fileRef = D81FA8FF2A05221E00F6A910 /* languages.json */; };
/* End PBXBuildFile section */

/* Begin PBXFileReference section */
		D811E04229E9689500FA0CB9 /* weatherAppSwiftUI.app */ = {isa = PBXFileReference; explicitFileType = wrapper.application; includeInIndex = 0; path = weatherAppSwiftUI.app; sourceTree = BUILT_PRODUCTS_DIR; };
		D811E04529E9689500FA0CB9 /* weatherAppSwiftUIApp.swift */ = {isa = PBXFileReference; lastKnownFileType = sourcecode.swift; path = weatherAppSwiftUIApp.swift; sourceTree = "<group>"; };
		D811E04729E9689500FA0CB9 /* ContentView.swift */ = {isa = PBXFileReference; lastKnownFileType = sourcecode.swift; path = ContentView.swift; sourceTree = "<group>"; };
		D811E04929E9689700FA0CB9 /* Assets.xcassets */ = {isa = PBXFileReference; lastKnownFileType = folder.assetcatalog; path = Assets.xcassets; sourceTree = "<group>"; };
		D811E04C29E9689700FA0CB9 /* Preview Assets.xcassets */ = {isa = PBXFileReference; lastKnownFileType = folder.assetcatalog; path = "Preview Assets.xcassets"; sourceTree = "<group>"; };
		D811E05729E96BFD00FA0CB9 /* GPSView.swift */ = {isa = PBXFileReference; lastKnownFileType = sourcecode.swift; path = GPSView.swift; sourceTree = "<group>"; };
		D811E07F29F293C300FA0CB9 /* ApiService.swift */ = {isa = PBXFileReference; lastKnownFileType = sourcecode.swift; path = ApiService.swift; sourceTree = "<group>"; };
		D811E08529F2A7BF00FA0CB9 /* CityCoord.swift */ = {isa = PBXFileReference; lastKnownFileType = sourcecode.swift; path = CityCoord.swift; sourceTree = "<group>"; };
		D819CAD62A0E476E00860F8A /* LanguageDetailView.swift */ = {isa = PBXFileReference; lastKnownFileType = sourcecode.swift; path = LanguageDetailView.swift; sourceTree = "<group>"; };
		D81D934229FBE2BE004F3CF9 /* Info.plist */ = {isa = PBXFileReference; lastKnownFileType = text.plist; path = Info.plist; sourceTree = "<group>"; };
		D81FA8FD2A0519D900F6A910 /* LanguagesView.swift */ = {isa = PBXFileReference; lastKnownFileType = sourcecode.swift; path = LanguagesView.swift; sourceTree = "<group>"; };
		D81FA8FF2A05221E00F6A910 /* languages.json */ = {isa = PBXFileReference; lastKnownFileType = text.json; path = languages.json; sourceTree = "<group>"; };
/* End PBXFileReference section */

/* Begin PBXFrameworksBuildPhase section */
		D811E03F29E9689500FA0CB9 /* Frameworks */ = {
			isa = PBXFrameworksBuildPhase;
			buildActionMask = 2147483647;
			files = (
			);
			runOnlyForDeploymentPostprocessing = 0;
		};
/* End PBXFrameworksBuildPhase section */

/* Begin PBXGroup section */
		D811E03929E9689500FA0CB9 = {
			isa = PBXGroup;
			children = (
				D811E04429E9689500FA0CB9 /* weatherAppSwiftUI */,
				D811E04329E9689500FA0CB9 /* Products */,
			);
			sourceTree = "<group>";
		};
		D811E04329E9689500FA0CB9 /* Products */ = {
			isa = PBXGroup;
			children = (
				D811E04229E9689500FA0CB9 /* weatherAppSwiftUI.app */,
			);
			name = Products;
			sourceTree = "<group>";
		};
		D811E04429E9689500FA0CB9 /* weatherAppSwiftUI */ = {
			isa = PBXGroup;
			children = (
				D81D934229FBE2BE004F3CF9 /* Info.plist */,
				D811E08529F2A7BF00FA0CB9 /* CityCoord.swift */,
				D811E04529E9689500FA0CB9 /* weatherAppSwiftUIApp.swift */,
				D811E05729E96BFD00FA0CB9 /* GPSView.swift */,
				D819CAD62A0E476E00860F8A /* LanguageDetailView.swift */,
				D811E07F29F293C300FA0CB9 /* ApiService.swift */,
				D81FA8FD2A0519D900F6A910 /* LanguagesView.swift */,
				D811E04729E9689500FA0CB9 /* ContentView.swift */,
				D811E04929E9689700FA0CB9 /* Assets.xcassets */,
				D81FA8FF2A05221E00F6A910 /* languages.json */,
				D811E04B29E9689700FA0CB9 /* Preview Content */,
			);
			path = weatherAppSwiftUI;
			sourceTree = "<group>";
		};
		D811E04B29E9689700FA0CB9 /* Preview Content */ = {
			isa = PBXGroup;
			children = (
				D811E04C29E9689700FA0CB9 /* Preview Assets.xcassets */,
			);
			path = "Preview Content";
			sourceTree = "<group>";
		};
/* End PBXGroup section */

/* Begin PBXNativeTarget section */
		D811E04129E9689500FA0CB9 /* weatherAppSwiftUI */ = {
			isa = PBXNativeTarget;
			buildConfigurationList = D811E05029E9689700FA0CB9 /* Build configuration list for PBXNativeTarget "weatherAppSwiftUI" */;
			buildPhases = (
				D811E03E29E9689500FA0CB9 /* Sources */,
				D811E03F29E9689500FA0CB9 /* Frameworks */,
				D811E04029E9689500FA0CB9 /* Resources */,
			);
			buildRules = (
			);
			dependencies = (
			);
			name = weatherAppSwiftUI;
			productName = weatherAppSwiftUI;
			productReference = D811E04229E9689500FA0CB9 /* weatherAppSwiftUI.app */;
			productType = "com.apple.product-type.application";
		};
/* End PBXNativeTarget section */

/* Begin PBXProject section */
		D811E03A29E9689500FA0CB9 /* Project object */ = {
			isa = PBXProject;
			attributes = {
				BuildIndependentTargetsInParallel = 1;
				LastSwiftUpdateCheck = 1410;
				LastUpgradeCheck = 1410;
				TargetAttributes = {
					D811E04129E9689500FA0CB9 = {
						CreatedOnToolsVersion = 14.1;
					};
				};
			};
			buildConfigurationList = D811E03D29E9689500FA0CB9 /* Build configuration list for PBXProject "weatherAppSwiftUI" */;
			compatibilityVersion = "Xcode 14.0";
			developmentRegion = en;
			hasScannedForEncodings = 0;
			knownRegions = (
				en,
				Base,
			);
			mainGroup = D811E03929E9689500FA0CB9;
			productRefGroup = D811E04329E9689500FA0CB9 /* Products */;
			projectDirPath = "";
			projectRoot = "";
			targets = (
				D811E04129E9689500FA0CB9 /* weatherAppSwiftUI */,
			);
		};
/* End PBXProject section */

/* Begin PBXResourcesBuildPhase section */
		D811E04029E9689500FA0CB9 /* Resources */ = {
			isa = PBXResourcesBuildPhase;
			buildActionMask = 2147483647;
			files = (
				D81FA9002A05221E00F6A910 /* languages.json in Resources */,
				D811E04D29E9689700FA0CB9 /* Preview Assets.xcassets in Resources */,
				D811E04A29E9689700FA0CB9 /* Assets.xcassets in Resources */,
			);
			runOnlyForDeploymentPostprocessing = 0;
		};
/* End PBXResourcesBuildPhase section */

/* Begin PBXSourcesBuildPhase section */
		D811E03E29E9689500FA0CB9 /* Sources */ = {
			isa = PBXSourcesBuildPhase;
			buildActionMask = 2147483647;
			files = (
				D81FA8FE2A0519D900F6A910 /* LanguagesView.swift in Sources */,
				D811E05829E96BFD00FA0CB9 /* GPSView.swift in Sources */,
				D811E08029F293C300FA0CB9 /* ApiService.swift in Sources */,
				D819CAD72A0E476E00860F8A /* LanguageDetailView.swift in Sources */,
				D811E08629F2A7BF00FA0CB9 /* CityCoord.swift in Sources */,
				D811E04829E9689500FA0CB9 /* ContentView.swift in Sources */,
				D811E04629E9689500FA0CB9 /* weatherAppSwiftUIApp.swift in Sources */,
			);
			runOnlyForDeploymentPostprocessing = 0;
		};
/* End PBXSourcesBuildPhase section */

/* Begin XCBuildConfiguration section */
		D811E04E29E9689700FA0CB9 /* Debug */ = {
			isa = XCBuildConfiguration;
			buildSettings = {
				ALWAYS_SEARCH_USER_PATHS = NO;
				CLANG_ANALYZER_NONNULL = YES;
				CLANG_ANALYZER_NUMBER_OBJECT_CONVERSION = YES_AGGRESSIVE;
				CLANG_CXX_LANGUAGE_STANDARD = "gnu++20";
				CLANG_ENABLE_MODULES = YES;
				CLANG_ENABLE_OBJC_ARC = YES;
				CLANG_ENABLE_OBJC_WEAK = YES;
				CLANG_WARN_BLOCK_CAPTURE_AUTORELEASING = YES;
				CLANG_WARN_BOOL_CONVERSION = YES;
				CLANG_WARN_COMMA = YES;
				CLANG_WARN_CONSTANT_CONVERSION = YES;
				CLANG_WARN_DEPRECATED_OBJC_IMPLEMENTATIONS = YES;
				CLANG_WARN_DIRECT_OBJC_ISA_USAGE = YES_ERROR;
				CLANG_WARN_DOCUMENTATION_COMMENTS = YES;
				CLANG_WARN_EMPTY_BODY = YES;
				CLANG_WARN_ENUM_CONVERSION = YES;
				CLANG_WARN_INFINITE_RECURSION = YES;
				CLANG_WARN_INT_CONVERSION = YES;
				CLANG_WARN_NON_LITERAL_NULL_CONVERSION = YES;
				CLANG_WARN_OBJC_IMPLICIT_RETAIN_SELF = YES;
				CLANG_WARN_OBJC_LITERAL_CONVERSION = YES;
				CLANG_WARN_OBJC_ROOT_CLASS = YES_ERROR;
				CLANG_WARN_QUOTED_INCLUDE_IN_FRAMEWORK_HEADER = YES;
				CLANG_WARN_RANGE_LOOP_ANALYSIS = YES;
				CLANG_WARN_STRICT_PROTOTYPES = YES;
				CLANG_WARN_SUSPICIOUS_MOVE = YES;
				CLANG_WARN_UNGUARDED_AVAILABILITY = YES_AGGRESSIVE;
				CLANG_WARN_UNREACHABLE_CODE = YES;
				CLANG_WARN__DUPLICATE_METHOD_MATCH = YES;
				COPY_PHASE_STRIP = NO;
				DEBUG_INFORMATION_FORMAT = dwarf;
				ENABLE_STRICT_OBJC_MSGSEND = YES;
				ENABLE_TESTABILITY = YES;
				GCC_C_LANGUAGE_STANDARD = gnu11;
				GCC_DYNAMIC_NO_PIC = NO;
				GCC_NO_COMMON_BLOCKS = YES;
				GCC_OPTIMIZATION_LEVEL = 0;
				GCC_PREPROCESSOR_DEFINITIONS = (
					"DEBUG=1",
					"$(inherited)",
				);
				GCC_WARN_64_TO_32_BIT_CONVERSION = YES;
				GCC_WARN_ABOUT_RETURN_TYPE = YES_ERROR;
				GCC_WARN_UNDECLARED_SELECTOR = YES;
				GCC_WARN_UNINITIALIZED_AUTOS = YES_AGGRESSIVE;
				GCC_WARN_UNUSED_FUNCTION = YES;
				GCC_WARN_UNUSED_VARIABLE = YES;
				IPHONEOS_DEPLOYMENT_TARGET = 16.1;
				MTL_ENABLE_DEBUG_INFO = INCLUDE_SOURCE;
				MTL_FAST_MATH = YES;
				ONLY_ACTIVE_ARCH = YES;
				SDKROOT = iphoneos;
				SWIFT_ACTIVE_COMPILATION_CONDITIONS = DEBUG;
				SWIFT_OPTIMIZATION_LEVEL = "-Onone";
			};
			name = Debug;
		};
		D811E04F29E9689700FA0CB9 /* Release */ = {
			isa = XCBuildConfiguration;
			buildSettings = {
				ALWAYS_SEARCH_USER_PATHS = NO;
				CLANG_ANALYZER_NONNULL = YES;
				CLANG_ANALYZER_NUMBER_OBJECT_CONVERSION = YES_AGGRESSIVE;
				CLANG_CXX_LANGUAGE_STANDARD = "gnu++20";
				CLANG_ENABLE_MODULES = YES;
				CLANG_ENABLE_OBJC_ARC = YES;
				CLANG_ENABLE_OBJC_WEAK = YES;
				CLANG_WARN_BLOCK_CAPTURE_AUTORELEASING = YES;
				CLANG_WARN_BOOL_CONVERSION = YES;
				CLANG_WARN_COMMA = YES;
				CLANG_WARN_CONSTANT_CONVERSION = YES;
				CLANG_WARN_DEPRECATED_OBJC_IMPLEMENTATIONS = YES;
				CLANG_WARN_DIRECT_OBJC_ISA_USAGE = YES_ERROR;
				CLANG_WARN_DOCUMENTATION_COMMENTS = YES;
				CLANG_WARN_EMPTY_BODY = YES;
				CLANG_WARN_ENUM_CONVERSION = YES;
				CLANG_WARN_INFINITE_RECURSION = YES;
				CLANG_WARN_INT_CONVERSION = YES;
				CLANG_WARN_NON_LITERAL_NULL_CONVERSION = YES;
				CLANG_WARN_OBJC_IMPLICIT_RETAIN_SELF = YES;
				CLANG_WARN_OBJC_LITERAL_CONVERSION = YES;
				CLANG_WARN_OBJC_ROOT_CLASS = YES_ERROR;
				CLANG_WARN_QUOTED_INCLUDE_IN_FRAMEWORK_HEADER = YES;
				CLANG_WARN_RANGE_LOOP_ANALYSIS = YES;
				CLANG_WARN_STRICT_PROTOTYPES = YES;
				CLANG_WARN_SUSPICIOUS_MOVE = YES;
				CLANG_WARN_UNGUARDED_AVAILABILITY = YES_AGGRESSIVE;
				CLANG_WARN_UNREACHABLE_CODE = YES;
				CLANG_WARN__DUPLICATE_METHOD_MATCH = YES;
				COPY_PHASE_STRIP = NO;
				DEBUG_INFORMATION_FORMAT = "dwarf-with-dsym";
				ENABLE_NS_ASSERTIONS = NO;
				ENABLE_STRICT_OBJC_MSGSEND = YES;
				GCC_C_LANGUAGE_STANDARD = gnu11;
				GCC_NO_COMMON_BLOCKS = YES;
				GCC_WARN_64_TO_32_BIT_CONVERSION = YES;
				GCC_WARN_ABOUT_RETURN_TYPE = YES_ERROR;
				GCC_WARN_UNDECLARED_SELECTOR = YES;
				GCC_WARN_UNINITIALIZED_AUTOS = YES_AGGRESSIVE;
				GCC_WARN_UNUSED_FUNCTION = YES;
				GCC_WARN_UNUSED_VARIABLE = YES;
				IPHONEOS_DEPLOYMENT_TARGET = 16.1;
				MTL_ENABLE_DEBUG_INFO = NO;
				MTL_FAST_MATH = YES;
				SDKROOT = iphoneos;
				SWIFT_COMPILATION_MODE = wholemodule;
				SWIFT_OPTIMIZATION_LEVEL = "-O";
				VALIDATE_PRODUCT = YES;
			};
			name = Release;
		};
		D811E05129E9689700FA0CB9 /* Debug */ = {
			isa = XCBuildConfiguration;
			buildSettings = {
				ASSETCATALOG_COMPILER_APPICON_NAME = AppIcon;
				ASSETCATALOG_COMPILER_GLOBAL_ACCENT_COLOR_NAME = AccentColor;
				CODE_SIGN_STYLE = Automatic;
				CURRENT_PROJECT_VERSION = 1;
				DEVELOPMENT_ASSET_PATHS = "\"weatherAppSwiftUI/Preview Content\"";
				DEVELOPMENT_TEAM = HH8V4AZG83;
				ENABLE_PREVIEWS = YES;
				GENERATE_INFOPLIST_FILE = YES;
				INFOPLIST_FILE = weatherAppSwiftUI/Info.plist;
				INFOPLIST_KEY_NSLocationAlwaysAndWhenInUseUsageDescription = Location;
				INFOPLIST_KEY_NSLocationWhenInUseUsageDescription = "";
				INFOPLIST_KEY_UIApplicationSceneManifest_Generation = YES;
				INFOPLIST_KEY_UIApplicationSupportsIndirectInputEvents = YES;
				INFOPLIST_KEY_UILaunchScreen_Generation = YES;
				INFOPLIST_KEY_UISupportedInterfaceOrientations_iPad = "UIInterfaceOrientationPortrait UIInterfaceOrientationPortraitUpsideDown UIInterfaceOrientationLandscapeLeft UIInterfaceOrientationLandscapeRight";
				INFOPLIST_KEY_UISupportedInterfaceOrientations_iPhone = "UIInterfaceOrientationPortrait UIInterfaceOrientationLandscapeLeft UIInterfaceOrientationLandscapeRight";
				IPHONEOS_DEPLOYMENT_TARGET = 15.6;
				LD_RUNPATH_SEARCH_PATHS = (
					"$(inherited)",
					"@executable_path/Frameworks",
				);
				MARKETING_VERSION = 1.0;
				PRODUCT_BUNDLE_IDENTIFIER = pl.polsl.weatherAppSwiftUI;
				PRODUCT_NAME = "$(TARGET_NAME)";
				SWIFT_EMIT_LOC_STRINGS = YES;
				SWIFT_VERSION = 5.0;
				TARGETED_DEVICE_FAMILY = "1,2";
			};
			name = Debug;
		};
		D811E05229E9689700FA0CB9 /* Release */ = {
			isa = XCBuildConfiguration;
			buildSettings = {
				ASSETCATALOG_COMPILER_APPICON_NAME = AppIcon;
				ASSETCATALOG_COMPILER_GLOBAL_ACCENT_COLOR_NAME = AccentColor;
				CODE_SIGN_STYLE = Automatic;
				CURRENT_PROJECT_VERSION = 1;
				DEVELOPMENT_ASSET_PATHS = "\"weatherAppSwiftUI/Preview Content\"";
				DEVELOPMENT_TEAM = HH8V4AZG83;
				ENABLE_PREVIEWS = YES;
				GENERATE_INFOPLIST_FILE = YES;
				INFOPLIST_FILE = weatherAppSwiftUI/Info.plist;
				INFOPLIST_KEY_NSLocationAlwaysAndWhenInUseUsageDescription = Location;
				INFOPLIST_KEY_NSLocationWhenInUseUsageDescription = "";
				INFOPLIST_KEY_UIApplicationSceneManifest_Generation = YES;
				INFOPLIST_KEY_UIApplicationSupportsIndirectInputEvents = YES;
				INFOPLIST_KEY_UILaunchScreen_Generation = YES;
				INFOPLIST_KEY_UISupportedInterfaceOrientations_iPad = "UIInterfaceOrientationPortrait UIInterfaceOrientationPortraitUpsideDown UIInterfaceOrientationLandscapeLeft UIInterfaceOrientationLandscapeRight";
				INFOPLIST_KEY_UISupportedInterfaceOrientations_iPhone = "UIInterfaceOrientationPortrait UIInterfaceOrientationLandscapeLeft UIInterfaceOrientationLandscapeRight";
				IPHONEOS_DEPLOYMENT_TARGET = 15.6;
				LD_RUNPATH_SEARCH_PATHS = (
					"$(inherited)",
					"@executable_path/Frameworks",
				);
				MARKETING_VERSION = 1.0;
				PRODUCT_BUNDLE_IDENTIFIER = pl.polsl.weatherAppSwiftUI;
				PRODUCT_NAME = "$(TARGET_NAME)";
				SWIFT_EMIT_LOC_STRINGS = YES;
				SWIFT_VERSION = 5.0;
				TARGETED_DEVICE_FAMILY = "1,2";
			};
			name = Release;
		};
/* End XCBuildConfiguration section */

/* Begin XCConfigurationList section */
		D811E03D29E9689500FA0CB9 /* Build configuration list for PBXProject "weatherAppSwiftUI" */ = {
			isa = XCConfigurationList;
			buildConfigurations = (
				D811E04E29E9689700FA0CB9 /* Debug */,
				D811E04F29E9689700FA0CB9 /* Release */,
			);
			defaultConfigurationIsVisible = 0;
			defaultConfigurationName = Release;
		};
		D811E05029E9689700FA0CB9 /* Build configuration list for PBXNativeTarget "weatherAppSwiftUI" */ = {
			isa = XCConfigurationList;
			buildConfigurations = (
				D811E05129E9689700FA0CB9 /* Debug */,
				D811E05229E9689700FA0CB9 /* Release */,
			);
			defaultConfigurationIsVisible = 0;
			defaultConfigurationName = Release;
		};
/* End XCConfigurationList section */
	};
	rootObject = D811E03A29E9689500FA0CB9 /* Project object */;
}
